// !$*UTF8*$!
{
	archiveVersion = 1;
	classes = {
	};
	objectVersion = 46;
	objects = {

/* Begin PBXBuildFile section */
		6E353F7BE06035C4002032B0 /* Pods_BusinessReviewsHubUITests.framework in Frameworks */ = {isa = PBXBuildFile; fileRef = 194A7E17BDE9812A706E8905 /* Pods_BusinessReviewsHubUITests.framework */; };
		9D0D702593604D80FFA6B245 /* Pods_BusinessReviewsHubTests.framework in Frameworks */ = {isa = PBXBuildFile; fileRef = B90D1338FCA967B4879170F4 /* Pods_BusinessReviewsHubTests.framework */; };
		CD52599D1E126A230042F7F1 /* AppDelegate.swift in Sources */ = {isa = PBXBuildFile; fileRef = CD52599C1E126A230042F7F1 /* AppDelegate.swift */; };
		CD52599F1E126A230042F7F1 /* LoginViewController.swift in Sources */ = {isa = PBXBuildFile; fileRef = CD52599E1E126A230042F7F1 /* LoginViewController.swift */; };
		CD5259A21E126A230042F7F1 /* Main.storyboard in Resources */ = {isa = PBXBuildFile; fileRef = CD5259A01E126A230042F7F1 /* Main.storyboard */; };
		CD5259A41E126A230042F7F1 /* Assets.xcassets in Resources */ = {isa = PBXBuildFile; fileRef = CD5259A31E126A230042F7F1 /* Assets.xcassets */; };
		CD5259A71E126A230042F7F1 /* LaunchScreen.storyboard in Resources */ = {isa = PBXBuildFile; fileRef = CD5259A51E126A230042F7F1 /* LaunchScreen.storyboard */; };
		CD5259B21E126A230042F7F1 /* BusinessReviewsHubTests.swift in Sources */ = {isa = PBXBuildFile; fileRef = CD5259B11E126A230042F7F1 /* BusinessReviewsHubTests.swift */; };
		CD5259BD1E126A230042F7F1 /* BusinessReviewsHubUITests.swift in Sources */ = {isa = PBXBuildFile; fileRef = CD5259BC1E126A230042F7F1 /* BusinessReviewsHubUITests.swift */; };
		CD5259CB1E12739D0042F7F1 /* ic_new_logo_back.png in Resources */ = {isa = PBXBuildFile; fileRef = CD5259CA1E12739D0042F7F1 /* ic_new_logo_back.png */; };
		CD5259CE1E1279850042F7F1 /* splash_screen_logo_2.png in Resources */ = {isa = PBXBuildFile; fileRef = CD5259CD1E1279850042F7F1 /* splash_screen_logo_2.png */; };
		CD5259D21E128EC90042F7F1 /* loginImage.png in Resources */ = {isa = PBXBuildFile; fileRef = CD5259D11E128EC90042F7F1 /* loginImage.png */; };
		CD55B3A11E1BE05300F0BA7D /* PropertyFileReader.swift in Sources */ = {isa = PBXBuildFile; fileRef = CD55B3A01E1BE05200F0BA7D /* PropertyFileReader.swift */; };
		CD5904BC1E14F8CB001FAEE1 /* UITextField+textField.swift in Sources */ = {isa = PBXBuildFile; fileRef = CD5904BB1E14F8CB001FAEE1 /* UITextField+textField.swift */; };
		CD5904CA1E1525EB001FAEE1 /* ic_send_sms_back.jpg in Resources */ = {isa = PBXBuildFile; fileRef = CD5904C91E1525EB001FAEE1 /* ic_send_sms_back.jpg */; };
		CD5904CC1E152A50001FAEE1 /* sample_logo_transperant.png in Resources */ = {isa = PBXBuildFile; fileRef = CD5904CB1E152A50001FAEE1 /* sample_logo_transperant.png */; };
		CD7C24691E1793D00051B327 /* UserRegistrationModel.swift in Sources */ = {isa = PBXBuildFile; fileRef = CD7C24681E1793D00051B327 /* UserRegistrationModel.swift */; };
		CD7C246B1E1793F80051B327 /* UserInfoModel.swift in Sources */ = {isa = PBXBuildFile; fileRef = CD7C246A1E1793F80051B327 /* UserInfoModel.swift */; };
		CD7C246F1E1796300051B327 /* ServiceFacade.swift in Sources */ = {isa = PBXBuildFile; fileRef = CD7C246E1E1796300051B327 /* ServiceFacade.swift */; };
		CD7C24711E179A0F0051B327 /* EmpLoginResponseModel.swift in Sources */ = {isa = PBXBuildFile; fileRef = CD7C24701E179A0F0051B327 /* EmpLoginResponseModel.swift */; };
		CD7C24731E179E160051B327 /* BaseResponseModel.swift in Sources */ = {isa = PBXBuildFile; fileRef = CD7C24721E179E160051B327 /* BaseResponseModel.swift */; };
		CD8677511E1A79C4006B4AB4 /* UserDefaultManager.swift in Sources */ = {isa = PBXBuildFile; fileRef = CD8677501E1A79C4006B4AB4 /* UserDefaultManager.swift */; };
		CD8677531E1A897B006B4AB4 /* BaseViewController.swift in Sources */ = {isa = PBXBuildFile; fileRef = CD8677521E1A897B006B4AB4 /* BaseViewController.swift */; };
		CD9D3D3A1E1E508400B71ED1 /* TableViewCell.swift in Sources */ = {isa = PBXBuildFile; fileRef = CD9D3D391E1E508400B71ED1 /* TableViewCell.swift */; };
		CD9D3D3C1E1E546100B71ED1 /* SmsHistoryResponseModel.swift in Sources */ = {isa = PBXBuildFile; fileRef = CD9D3D3B1E1E546100B71ED1 /* SmsHistoryResponseModel.swift */; };
		CD9D3D3E1E1E690200B71ED1 /* SmsHistoryDataRequestModel.swift in Sources */ = {isa = PBXBuildFile; fileRef = CD9D3D3D1E1E690200B71ED1 /* SmsHistoryDataRequestModel.swift */; };
		CDB299491E1F77020012AFF5 /* ProfileDataRequestModel.swift in Sources */ = {isa = PBXBuildFile; fileRef = CDB299481E1F77020012AFF5 /* ProfileDataRequestModel.swift */; };
		CDB2994B1E1F79300012AFF5 /* ProfileUpdateResponseModel.swift in Sources */ = {isa = PBXBuildFile; fileRef = CDB2994A1E1F79300012AFF5 /* ProfileUpdateResponseModel.swift */; };
		CDDFDE111E16366F0063C4F3 /* SendSmsViewController.swift in Sources */ = {isa = PBXBuildFile; fileRef = CDDFDE101E16366F0063C4F3 /* SendSmsViewController.swift */; };
		CDDFDE131E1640280063C4F3 /* ic_history_image.jpg in Resources */ = {isa = PBXBuildFile; fileRef = CDDFDE121E1640280063C4F3 /* ic_history_image.jpg */; };
		CDDFDE1F1E1677F90063C4F3 /* SmsHistoryViewController.swift in Sources */ = {isa = PBXBuildFile; fileRef = CDDFDE1E1E1677F80063C4F3 /* SmsHistoryViewController.swift */; };
		CDDFDE211E16781B0063C4F3 /* ProfileViewController.swift in Sources */ = {isa = PBXBuildFile; fileRef = CDDFDE201E16781B0063C4F3 /* ProfileViewController.swift */; };
		CDDFDE231E1678D60063C4F3 /* ic_demo_profile_bck.jpg in Resources */ = {isa = PBXBuildFile; fileRef = CDDFDE221E1678D60063C4F3 /* ic_demo_profile_bck.jpg */; };
		CDDFDE251E167A6D0063C4F3 /* test_profile_image.jpg in Resources */ = {isa = PBXBuildFile; fileRef = CDDFDE241E167A6D0063C4F3 /* test_profile_image.jpg */; };
		CDE6711C1E23B484004A3F46 /* Alamofire.framework in Frameworks */ = {isa = PBXBuildFile; fileRef = CDE6711B1E23B484004A3F46 /* Alamofire.framework */; };
		CDE6711E1E23B489004A3F46 /* EVReflection.framework in Frameworks */ = {isa = PBXBuildFile; fileRef = CDE6711D1E23B489004A3F46 /* EVReflection.framework */; };
		CDE671201E23B498004A3F46 /* AlamofireImage.framework in Frameworks */ = {isa = PBXBuildFile; fileRef = CDE6711F1E23B498004A3F46 /* AlamofireImage.framework */; };
		CDE671221E23B4A2004A3F46 /* MBProgressHUD.framework in Frameworks */ = {isa = PBXBuildFile; fileRef = CDE671211E23B4A2004A3F46 /* MBProgressHUD.framework */; };
		CDFDF0B61E1D1ACC00B15796 /* SendSmsDataRequestModel.swift in Sources */ = {isa = PBXBuildFile; fileRef = CDFDF0B51E1D1ACC00B15796 /* SendSmsDataRequestModel.swift */; };
		CDFDF0B81E1D1CFB00B15796 /* UserRequestModel.swift in Sources */ = {isa = PBXBuildFile; fileRef = CDFDF0B71E1D1CFB00B15796 /* UserRequestModel.swift */; };
		E102CAF88C85A47FC12B3EAD /* Pods_BusinessReviewsHub.framework in Frameworks */ = {isa = PBXBuildFile; fileRef = 4A8ECFD3330B7BB4C2034BC8 /* Pods_BusinessReviewsHub.framework */; };
/* End PBXBuildFile section */

/* Begin PBXContainerItemProxy section */
		CD5259AE1E126A230042F7F1 /* PBXContainerItemProxy */ = {
			isa = PBXContainerItemProxy;
			containerPortal = CD5259911E126A220042F7F1 /* Project object */;
			proxyType = 1;
			remoteGlobalIDString = CD5259981E126A220042F7F1;
			remoteInfo = BusinessReviewsHub;
		};
		CD5259B91E126A230042F7F1 /* PBXContainerItemProxy */ = {
			isa = PBXContainerItemProxy;
			containerPortal = CD5259911E126A220042F7F1 /* Project object */;
			proxyType = 1;
			remoteGlobalIDString = CD5259981E126A220042F7F1;
			remoteInfo = BusinessReviewsHub;
		};
/* End PBXContainerItemProxy section */

/* Begin PBXFileReference section */
		15D343179C8721EE68179A22 /* Pods-BusinessReviewsHubUITests.release.xcconfig */ = {isa = PBXFileReference; includeInIndex = 1; lastKnownFileType = text.xcconfig; name = "Pods-BusinessReviewsHubUITests.release.xcconfig"; path = "Pods/Target Support Files/Pods-BusinessReviewsHubUITests/Pods-BusinessReviewsHubUITests.release.xcconfig"; sourceTree = "<group>"; };
		194A7E17BDE9812A706E8905 /* Pods_BusinessReviewsHubUITests.framework */ = {isa = PBXFileReference; explicitFileType = wrapper.framework; includeInIndex = 0; path = Pods_BusinessReviewsHubUITests.framework; sourceTree = BUILT_PRODUCTS_DIR; };
		26CA8BF85E308231C733BD62 /* Pods-BusinessReviewsHubUITests.debug.xcconfig */ = {isa = PBXFileReference; includeInIndex = 1; lastKnownFileType = text.xcconfig; name = "Pods-BusinessReviewsHubUITests.debug.xcconfig"; path = "Pods/Target Support Files/Pods-BusinessReviewsHubUITests/Pods-BusinessReviewsHubUITests.debug.xcconfig"; sourceTree = "<group>"; };
		4A8ECFD3330B7BB4C2034BC8 /* Pods_BusinessReviewsHub.framework */ = {isa = PBXFileReference; explicitFileType = wrapper.framework; includeInIndex = 0; path = Pods_BusinessReviewsHub.framework; sourceTree = BUILT_PRODUCTS_DIR; };
		8FF7063F11864B42C2461F92 /* Pods-BusinessReviewsHub.debug.xcconfig */ = {isa = PBXFileReference; includeInIndex = 1; lastKnownFileType = text.xcconfig; name = "Pods-BusinessReviewsHub.debug.xcconfig"; path = "Pods/Target Support Files/Pods-BusinessReviewsHub/Pods-BusinessReviewsHub.debug.xcconfig"; sourceTree = "<group>"; };
		B90D1338FCA967B4879170F4 /* Pods_BusinessReviewsHubTests.framework */ = {isa = PBXFileReference; explicitFileType = wrapper.framework; includeInIndex = 0; path = Pods_BusinessReviewsHubTests.framework; sourceTree = BUILT_PRODUCTS_DIR; };
		C41F1E5F80DBD5CFFE678346 /* Pods-BusinessReviewsHub.release.xcconfig */ = {isa = PBXFileReference; includeInIndex = 1; lastKnownFileType = text.xcconfig; name = "Pods-BusinessReviewsHub.release.xcconfig"; path = "Pods/Target Support Files/Pods-BusinessReviewsHub/Pods-BusinessReviewsHub.release.xcconfig"; sourceTree = "<group>"; };
		C4DDD84FA21845C29FAB236E /* Pods-BusinessReviewsHubTests.release.xcconfig */ = {isa = PBXFileReference; includeInIndex = 1; lastKnownFileType = text.xcconfig; name = "Pods-BusinessReviewsHubTests.release.xcconfig"; path = "Pods/Target Support Files/Pods-BusinessReviewsHubTests/Pods-BusinessReviewsHubTests.release.xcconfig"; sourceTree = "<group>"; };
		CD5259991E126A230042F7F1 /* BusinessReviewsHub.app */ = {isa = PBXFileReference; explicitFileType = wrapper.application; includeInIndex = 0; path = BusinessReviewsHub.app; sourceTree = BUILT_PRODUCTS_DIR; };
		CD52599C1E126A230042F7F1 /* AppDelegate.swift */ = {isa = PBXFileReference; lastKnownFileType = sourcecode.swift; path = AppDelegate.swift; sourceTree = "<group>"; };
		CD52599E1E126A230042F7F1 /* LoginViewController.swift */ = {isa = PBXFileReference; lastKnownFileType = sourcecode.swift; path = LoginViewController.swift; sourceTree = "<group>"; };
		CD5259A11E126A230042F7F1 /* Base */ = {isa = PBXFileReference; lastKnownFileType = file.storyboard; name = Base; path = Base.lproj/Main.storyboard; sourceTree = "<group>"; };
		CD5259A31E126A230042F7F1 /* Assets.xcassets */ = {isa = PBXFileReference; lastKnownFileType = folder.assetcatalog; path = Assets.xcassets; sourceTree = "<group>"; };
		CD5259A61E126A230042F7F1 /* Base */ = {isa = PBXFileReference; lastKnownFileType = file.storyboard; name = Base; path = Base.lproj/LaunchScreen.storyboard; sourceTree = "<group>"; };
		CD5259A81E126A230042F7F1 /* Info.plist */ = {isa = PBXFileReference; lastKnownFileType = text.plist.xml; path = Info.plist; sourceTree = "<group>"; };
		CD5259AD1E126A230042F7F1 /* BusinessReviewsHubTests.xctest */ = {isa = PBXFileReference; explicitFileType = wrapper.cfbundle; includeInIndex = 0; path = BusinessReviewsHubTests.xctest; sourceTree = BUILT_PRODUCTS_DIR; };
		CD5259B11E126A230042F7F1 /* BusinessReviewsHubTests.swift */ = {isa = PBXFileReference; lastKnownFileType = sourcecode.swift; path = BusinessReviewsHubTests.swift; sourceTree = "<group>"; };
		CD5259B31E126A230042F7F1 /* Info.plist */ = {isa = PBXFileReference; lastKnownFileType = text.plist.xml; path = Info.plist; sourceTree = "<group>"; };
		CD5259B81E126A230042F7F1 /* BusinessReviewsHubUITests.xctest */ = {isa = PBXFileReference; explicitFileType = wrapper.cfbundle; includeInIndex = 0; path = BusinessReviewsHubUITests.xctest; sourceTree = BUILT_PRODUCTS_DIR; };
		CD5259BC1E126A230042F7F1 /* BusinessReviewsHubUITests.swift */ = {isa = PBXFileReference; lastKnownFileType = sourcecode.swift; path = BusinessReviewsHubUITests.swift; sourceTree = "<group>"; };
		CD5259BE1E126A230042F7F1 /* Info.plist */ = {isa = PBXFileReference; lastKnownFileType = text.plist.xml; path = Info.plist; sourceTree = "<group>"; };
		CD5259CA1E12739D0042F7F1 /* ic_new_logo_back.png */ = {isa = PBXFileReference; lastKnownFileType = image.png; path = ic_new_logo_back.png; sourceTree = "<group>"; };
		CD5259CD1E1279850042F7F1 /* splash_screen_logo_2.png */ = {isa = PBXFileReference; lastKnownFileType = image.png; path = splash_screen_logo_2.png; sourceTree = "<group>"; };
		CD5259D11E128EC90042F7F1 /* loginImage.png */ = {isa = PBXFileReference; lastKnownFileType = image.png; path = loginImage.png; sourceTree = "<group>"; };
		CD55B3A01E1BE05200F0BA7D /* PropertyFileReader.swift */ = {isa = PBXFileReference; fileEncoding = 4; lastKnownFileType = sourcecode.swift; path = PropertyFileReader.swift; sourceTree = "<group>"; };
		CD5904BB1E14F8CB001FAEE1 /* UITextField+textField.swift */ = {isa = PBXFileReference; fileEncoding = 4; lastKnownFileType = sourcecode.swift; path = "UITextField+textField.swift"; sourceTree = "<group>"; };
		CD5904C91E1525EB001FAEE1 /* ic_send_sms_back.jpg */ = {isa = PBXFileReference; lastKnownFileType = image.jpeg; path = ic_send_sms_back.jpg; sourceTree = "<group>"; };
		CD5904CB1E152A50001FAEE1 /* sample_logo_transperant.png */ = {isa = PBXFileReference; lastKnownFileType = image.png; path = sample_logo_transperant.png; sourceTree = "<group>"; };
		CD7C24681E1793D00051B327 /* UserRegistrationModel.swift */ = {isa = PBXFileReference; fileEncoding = 4; lastKnownFileType = sourcecode.swift; path = UserRegistrationModel.swift; sourceTree = "<group>"; };
		CD7C246A1E1793F80051B327 /* UserInfoModel.swift */ = {isa = PBXFileReference; fileEncoding = 4; lastKnownFileType = sourcecode.swift; path = UserInfoModel.swift; sourceTree = "<group>"; };
		CD7C246E1E1796300051B327 /* ServiceFacade.swift */ = {isa = PBXFileReference; fileEncoding = 4; lastKnownFileType = sourcecode.swift; path = ServiceFacade.swift; sourceTree = "<group>"; };
		CD7C24701E179A0F0051B327 /* EmpLoginResponseModel.swift */ = {isa = PBXFileReference; fileEncoding = 4; lastKnownFileType = sourcecode.swift; path = EmpLoginResponseModel.swift; sourceTree = "<group>"; };
		CD7C24721E179E160051B327 /* BaseResponseModel.swift */ = {isa = PBXFileReference; fileEncoding = 4; lastKnownFileType = sourcecode.swift; path = BaseResponseModel.swift; sourceTree = "<group>"; };
		CD8677501E1A79C4006B4AB4 /* UserDefaultManager.swift */ = {isa = PBXFileReference; fileEncoding = 4; lastKnownFileType = sourcecode.swift; path = UserDefaultManager.swift; sourceTree = "<group>"; };
		CD8677521E1A897B006B4AB4 /* BaseViewController.swift */ = {isa = PBXFileReference; fileEncoding = 4; lastKnownFileType = sourcecode.swift; path = BaseViewController.swift; sourceTree = "<group>"; };
		CD9D3D391E1E508400B71ED1 /* TableViewCell.swift */ = {isa = PBXFileReference; fileEncoding = 4; lastKnownFileType = sourcecode.swift; path = TableViewCell.swift; sourceTree = "<group>"; };
		CD9D3D3B1E1E546100B71ED1 /* SmsHistoryResponseModel.swift */ = {isa = PBXFileReference; fileEncoding = 4; lastKnownFileType = sourcecode.swift; path = SmsHistoryResponseModel.swift; sourceTree = "<group>"; };
		CD9D3D3D1E1E690200B71ED1 /* SmsHistoryDataRequestModel.swift */ = {isa = PBXFileReference; fileEncoding = 4; lastKnownFileType = sourcecode.swift; path = SmsHistoryDataRequestModel.swift; sourceTree = "<group>"; };
		CDB299481E1F77020012AFF5 /* ProfileDataRequestModel.swift */ = {isa = PBXFileReference; fileEncoding = 4; lastKnownFileType = sourcecode.swift; path = ProfileDataRequestModel.swift; sourceTree = "<group>"; };
		CDB2994A1E1F79300012AFF5 /* ProfileUpdateResponseModel.swift */ = {isa = PBXFileReference; fileEncoding = 4; lastKnownFileType = sourcecode.swift; path = ProfileUpdateResponseModel.swift; sourceTree = "<group>"; };
		CDDFDE101E16366F0063C4F3 /* SendSmsViewController.swift */ = {isa = PBXFileReference; fileEncoding = 4; lastKnownFileType = sourcecode.swift; path = SendSmsViewController.swift; sourceTree = "<group>"; };
		CDDFDE121E1640280063C4F3 /* ic_history_image.jpg */ = {isa = PBXFileReference; lastKnownFileType = image.jpeg; path = ic_history_image.jpg; sourceTree = "<group>"; };
		CDDFDE1E1E1677F80063C4F3 /* SmsHistoryViewController.swift */ = {isa = PBXFileReference; fileEncoding = 4; lastKnownFileType = sourcecode.swift; path = SmsHistoryViewController.swift; sourceTree = "<group>"; };
		CDDFDE201E16781B0063C4F3 /* ProfileViewController.swift */ = {isa = PBXFileReference; fileEncoding = 4; lastKnownFileType = sourcecode.swift; path = ProfileViewController.swift; sourceTree = "<group>"; };
		CDDFDE221E1678D60063C4F3 /* ic_demo_profile_bck.jpg */ = {isa = PBXFileReference; lastKnownFileType = image.jpeg; path = ic_demo_profile_bck.jpg; sourceTree = "<group>"; };
		CDDFDE241E167A6D0063C4F3 /* test_profile_image.jpg */ = {isa = PBXFileReference; lastKnownFileType = image.jpeg; path = test_profile_image.jpg; sourceTree = "<group>"; };
		CDE6711B1E23B484004A3F46 /* Alamofire.framework */ = {isa = PBXFileReference; lastKnownFileType = wrapper.framework; name = Alamofire.framework; path = "../../../../Library/Developer/Xcode/DerivedData/BusinessReviewsHub-gyhzxefstpaxxteuzogspirzzdox/Build/Products/Debug-iphonesimulator/Alamofire/Alamofire.framework"; sourceTree = "<group>"; };
		CDE6711D1E23B489004A3F46 /* EVReflection.framework */ = {isa = PBXFileReference; lastKnownFileType = wrapper.framework; name = EVReflection.framework; path = "../../../../Library/Developer/Xcode/DerivedData/BusinessReviewsHub-gyhzxefstpaxxteuzogspirzzdox/Build/Products/Debug-iphonesimulator/EVReflection/EVReflection.framework"; sourceTree = "<group>"; };
		CDE6711F1E23B498004A3F46 /* AlamofireImage.framework */ = {isa = PBXFileReference; lastKnownFileType = wrapper.framework; name = AlamofireImage.framework; path = "../../../../Library/Developer/Xcode/DerivedData/BusinessReviewsHub-gyhzxefstpaxxteuzogspirzzdox/Build/Products/Debug-iphonesimulator/AlamofireImage/AlamofireImage.framework"; sourceTree = "<group>"; };
		CDE671211E23B4A2004A3F46 /* MBProgressHUD.framework */ = {isa = PBXFileReference; lastKnownFileType = wrapper.framework; name = MBProgressHUD.framework; path = "../../../../Library/Developer/Xcode/DerivedData/BusinessReviewsHub-gyhzxefstpaxxteuzogspirzzdox/Build/Products/Debug-iphonesimulator/MBProgressHUD/MBProgressHUD.framework"; sourceTree = "<group>"; };
		CDFDF0B51E1D1ACC00B15796 /* SendSmsDataRequestModel.swift */ = {isa = PBXFileReference; fileEncoding = 4; lastKnownFileType = sourcecode.swift; path = SendSmsDataRequestModel.swift; sourceTree = "<group>"; };
		CDFDF0B71E1D1CFB00B15796 /* UserRequestModel.swift */ = {isa = PBXFileReference; fileEncoding = 4; lastKnownFileType = sourcecode.swift; path = UserRequestModel.swift; sourceTree = "<group>"; };
		E790415A60D371E18EDF601F /* Pods-BusinessReviewsHubTests.debug.xcconfig */ = {isa = PBXFileReference; includeInIndex = 1; lastKnownFileType = text.xcconfig; name = "Pods-BusinessReviewsHubTests.debug.xcconfig"; path = "Pods/Target Support Files/Pods-BusinessReviewsHubTests/Pods-BusinessReviewsHubTests.debug.xcconfig"; sourceTree = "<group>"; };
/* End PBXFileReference section */

/* Begin PBXFrameworksBuildPhase section */
		CD5259961E126A220042F7F1 /* Frameworks */ = {
			isa = PBXFrameworksBuildPhase;
			buildActionMask = 2147483647;
			files = (
				CDE671221E23B4A2004A3F46 /* MBProgressHUD.framework in Frameworks */,
				CDE671201E23B498004A3F46 /* AlamofireImage.framework in Frameworks */,
				CDE6711E1E23B489004A3F46 /* EVReflection.framework in Frameworks */,
				CDE6711C1E23B484004A3F46 /* Alamofire.framework in Frameworks */,
				E102CAF88C85A47FC12B3EAD /* Pods_BusinessReviewsHub.framework in Frameworks */,
			);
			runOnlyForDeploymentPostprocessing = 0;
		};
		CD5259AA1E126A230042F7F1 /* Frameworks */ = {
			isa = PBXFrameworksBuildPhase;
			buildActionMask = 2147483647;
			files = (
				9D0D702593604D80FFA6B245 /* Pods_BusinessReviewsHubTests.framework in Frameworks */,
			);
			runOnlyForDeploymentPostprocessing = 0;
		};
		CD5259B51E126A230042F7F1 /* Frameworks */ = {
			isa = PBXFrameworksBuildPhase;
			buildActionMask = 2147483647;
			files = (
				6E353F7BE06035C4002032B0 /* Pods_BusinessReviewsHubUITests.framework in Frameworks */,
			);
			runOnlyForDeploymentPostprocessing = 0;
		};
/* End PBXFrameworksBuildPhase section */

/* Begin PBXGroup section */
		33EDA3EAA10F52AF3545C24B /* Pods */ = {
			isa = PBXGroup;
			children = (
				8FF7063F11864B42C2461F92 /* Pods-BusinessReviewsHub.debug.xcconfig */,
				C41F1E5F80DBD5CFFE678346 /* Pods-BusinessReviewsHub.release.xcconfig */,
				E790415A60D371E18EDF601F /* Pods-BusinessReviewsHubTests.debug.xcconfig */,
				C4DDD84FA21845C29FAB236E /* Pods-BusinessReviewsHubTests.release.xcconfig */,
				26CA8BF85E308231C733BD62 /* Pods-BusinessReviewsHubUITests.debug.xcconfig */,
				15D343179C8721EE68179A22 /* Pods-BusinessReviewsHubUITests.release.xcconfig */,
			);
			name = Pods;
			sourceTree = "<group>";
		};
		CD5259901E126A220042F7F1 = {
			isa = PBXGroup;
			children = (
				CD52599B1E126A230042F7F1 /* BusinessReviewsHub */,
				CD5259B01E126A230042F7F1 /* BusinessReviewsHubTests */,
				CD5259BB1E126A230042F7F1 /* BusinessReviewsHubUITests */,
				CD52599A1E126A230042F7F1 /* Products */,
				33EDA3EAA10F52AF3545C24B /* Pods */,
				FE6094CC9532136088FEB597 /* Frameworks */,
			);
			sourceTree = "<group>";
		};
		CD52599A1E126A230042F7F1 /* Products */ = {
			isa = PBXGroup;
			children = (
				CD5259991E126A230042F7F1 /* BusinessReviewsHub.app */,
				CD5259AD1E126A230042F7F1 /* BusinessReviewsHubTests.xctest */,
				CD5259B81E126A230042F7F1 /* BusinessReviewsHubUITests.xctest */,
			);
			name = Products;
			sourceTree = "<group>";
		};
		CD52599B1E126A230042F7F1 /* BusinessReviewsHub */ = {
			isa = PBXGroup;
			children = (
				CD52599C1E126A230042F7F1 /* AppDelegate.swift */,
				CD52599E1E126A230042F7F1 /* LoginViewController.swift */,
				CDDFDE101E16366F0063C4F3 /* SendSmsViewController.swift */,
				CDDFDE1E1E1677F80063C4F3 /* SmsHistoryViewController.swift */,
				CDDFDE201E16781B0063C4F3 /* ProfileViewController.swift */,
				CD5904BB1E14F8CB001FAEE1 /* UITextField+textField.swift */,
				CD8677521E1A897B006B4AB4 /* BaseViewController.swift */,
				CD9D3D381E1E503A00B71ED1 /* TableViewCell */,
				CD55B39F1E1BDFD200F0BA7D /* Utils */,
				CD86774F1E1A79A3006B4AB4 /* Database */,
				CD7C24671E178EC80051B327 /* Response Model */,
				CD7C24661E178E8D0051B327 /* Service Facade */,
				CD7C24651E178E710051B327 /* RequestModel */,
				CD5259CC1E1279340042F7F1 /* Resources */,
				CD5259A01E126A230042F7F1 /* Main.storyboard */,
				CD5259A31E126A230042F7F1 /* Assets.xcassets */,
				CD5259A51E126A230042F7F1 /* LaunchScreen.storyboard */,
				CD5259A81E126A230042F7F1 /* Info.plist */,
			);
			path = BusinessReviewsHub;
			sourceTree = "<group>";
		};
		CD5259B01E126A230042F7F1 /* BusinessReviewsHubTests */ = {
			isa = PBXGroup;
			children = (
				CD5259B11E126A230042F7F1 /* BusinessReviewsHubTests.swift */,
				CD5259B31E126A230042F7F1 /* Info.plist */,
			);
			path = BusinessReviewsHubTests;
			sourceTree = "<group>";
		};
		CD5259BB1E126A230042F7F1 /* BusinessReviewsHubUITests */ = {
			isa = PBXGroup;
			children = (
				CD5259BC1E126A230042F7F1 /* BusinessReviewsHubUITests.swift */,
				CD5259BE1E126A230042F7F1 /* Info.plist */,
			);
			path = BusinessReviewsHubUITests;
			sourceTree = "<group>";
		};
		CD5259CC1E1279340042F7F1 /* Resources */ = {
			isa = PBXGroup;
			children = (
				CD5259CA1E12739D0042F7F1 /* ic_new_logo_back.png */,
				CD5259CD1E1279850042F7F1 /* splash_screen_logo_2.png */,
				CD5259D11E128EC90042F7F1 /* loginImage.png */,
				CD5904C91E1525EB001FAEE1 /* ic_send_sms_back.jpg */,
				CD5904CB1E152A50001FAEE1 /* sample_logo_transperant.png */,
				CDDFDE121E1640280063C4F3 /* ic_history_image.jpg */,
				CDDFDE221E1678D60063C4F3 /* ic_demo_profile_bck.jpg */,
				CDDFDE241E167A6D0063C4F3 /* test_profile_image.jpg */,
			);
			name = Resources;
			sourceTree = "<group>";
		};
		CD55B39F1E1BDFD200F0BA7D /* Utils */ = {
			isa = PBXGroup;
			children = (
				CD55B3A01E1BE05200F0BA7D /* PropertyFileReader.swift */,
			);
			name = Utils;
			sourceTree = "<group>";
		};
		CD7C24651E178E710051B327 /* RequestModel */ = {
			isa = PBXGroup;
			children = (
				CD7C24681E1793D00051B327 /* UserRegistrationModel.swift */,
				CD7C246A1E1793F80051B327 /* UserInfoModel.swift */,
				CDFDF0B51E1D1ACC00B15796 /* SendSmsDataRequestModel.swift */,
				CDFDF0B71E1D1CFB00B15796 /* UserRequestModel.swift */,
				CD9D3D3D1E1E690200B71ED1 /* SmsHistoryDataRequestModel.swift */,
				CDB299481E1F77020012AFF5 /* ProfileDataRequestModel.swift */,
			);
			name = RequestModel;
			sourceTree = "<group>";
		};
		CD7C24661E178E8D0051B327 /* Service Facade */ = {
			isa = PBXGroup;
			children = (
				CD7C246E1E1796300051B327 /* ServiceFacade.swift */,
			);
			name = "Service Facade";
			sourceTree = "<group>";
		};
		CD7C24671E178EC80051B327 /* Response Model */ = {
			isa = PBXGroup;
			children = (
				CD7C24721E179E160051B327 /* BaseResponseModel.swift */,
				CD7C24701E179A0F0051B327 /* EmpLoginResponseModel.swift */,
				CD9D3D3B1E1E546100B71ED1 /* SmsHistoryResponseModel.swift */,
				CDB2994A1E1F79300012AFF5 /* ProfileUpdateResponseModel.swift */,
			);
			name = "Response Model";
			sourceTree = "<group>";
		};
		CD86774F1E1A79A3006B4AB4 /* Database */ = {
			isa = PBXGroup;
			children = (
				CD8677501E1A79C4006B4AB4 /* UserDefaultManager.swift */,
			);
			name = Database;
			sourceTree = "<group>";
		};
		CD9D3D381E1E503A00B71ED1 /* TableViewCell */ = {
			isa = PBXGroup;
			children = (
				CD9D3D391E1E508400B71ED1 /* TableViewCell.swift */,
			);
			name = TableViewCell;
			sourceTree = "<group>";
		};
		FE6094CC9532136088FEB597 /* Frameworks */ = {
			isa = PBXGroup;
			children = (
				CDE671211E23B4A2004A3F46 /* MBProgressHUD.framework */,
				CDE6711F1E23B498004A3F46 /* AlamofireImage.framework */,
				CDE6711D1E23B489004A3F46 /* EVReflection.framework */,
				CDE6711B1E23B484004A3F46 /* Alamofire.framework */,
				4A8ECFD3330B7BB4C2034BC8 /* Pods_BusinessReviewsHub.framework */,
				B90D1338FCA967B4879170F4 /* Pods_BusinessReviewsHubTests.framework */,
				194A7E17BDE9812A706E8905 /* Pods_BusinessReviewsHubUITests.framework */,
			);
			name = Frameworks;
			sourceTree = "<group>";
		};
/* End PBXGroup section */

/* Begin PBXNativeTarget section */
		CD5259981E126A220042F7F1 /* BusinessReviewsHub */ = {
			isa = PBXNativeTarget;
			buildConfigurationList = CD5259C11E126A230042F7F1 /* Build configuration list for PBXNativeTarget "BusinessReviewsHub" */;
			buildPhases = (
				01E9AF1459CE04606E311811 /* [CP] Check Pods Manifest.lock */,
				CD5259951E126A220042F7F1 /* Sources */,
				CD5259961E126A220042F7F1 /* Frameworks */,
				CD5259971E126A220042F7F1 /* Resources */,
				BF135E65A297378C658F1BAC /* [CP] Embed Pods Frameworks */,
				6F537A9C6359C4C2928D3CD6 /* [CP] Copy Pods Resources */,
			);
			buildRules = (
			);
			dependencies = (
			);
			name = BusinessReviewsHub;
			productName = BusinessReviewsHub;
			productReference = CD5259991E126A230042F7F1 /* BusinessReviewsHub.app */;
			productType = "com.apple.product-type.application";
		};
		CD5259AC1E126A230042F7F1 /* BusinessReviewsHubTests */ = {
			isa = PBXNativeTarget;
			buildConfigurationList = CD5259C41E126A230042F7F1 /* Build configuration list for PBXNativeTarget "BusinessReviewsHubTests" */;
			buildPhases = (
				A2F392FF00E212F9C9E0B955 /* [CP] Check Pods Manifest.lock */,
				CD5259A91E126A230042F7F1 /* Sources */,
				CD5259AA1E126A230042F7F1 /* Frameworks */,
				CD5259AB1E126A230042F7F1 /* Resources */,
				BEE78D92FA1D2F221DD5E7D2 /* [CP] Embed Pods Frameworks */,
				79BDECCB1031FB557C4C0DA8 /* [CP] Copy Pods Resources */,
			);
			buildRules = (
			);
			dependencies = (
				CD5259AF1E126A230042F7F1 /* PBXTargetDependency */,
			);
			name = BusinessReviewsHubTests;
			productName = BusinessReviewsHubTests;
			productReference = CD5259AD1E126A230042F7F1 /* BusinessReviewsHubTests.xctest */;
			productType = "com.apple.product-type.bundle.unit-test";
		};
		CD5259B71E126A230042F7F1 /* BusinessReviewsHubUITests */ = {
			isa = PBXNativeTarget;
			buildConfigurationList = CD5259C71E126A230042F7F1 /* Build configuration list for PBXNativeTarget "BusinessReviewsHubUITests" */;
			buildPhases = (
				818D949A20D7EA7E3007E56D /* [CP] Check Pods Manifest.lock */,
				CD5259B41E126A230042F7F1 /* Sources */,
				CD5259B51E126A230042F7F1 /* Frameworks */,
				CD5259B61E126A230042F7F1 /* Resources */,
				EA777F842B6B298EFC13B708 /* [CP] Embed Pods Frameworks */,
				3E43BF775BAF6828CDA4DFF5 /* [CP] Copy Pods Resources */,
			);
			buildRules = (
			);
			dependencies = (
				CD5259BA1E126A230042F7F1 /* PBXTargetDependency */,
			);
			name = BusinessReviewsHubUITests;
			productName = BusinessReviewsHubUITests;
			productReference = CD5259B81E126A230042F7F1 /* BusinessReviewsHubUITests.xctest */;
			productType = "com.apple.product-type.bundle.ui-testing";
		};
/* End PBXNativeTarget section */

/* Begin PBXProject section */
		CD5259911E126A220042F7F1 /* Project object */ = {
			isa = PBXProject;
			attributes = {
				LastSwiftUpdateCheck = 0820;
				LastUpgradeCheck = 0820;
				ORGANIZATIONNAME = BusinessReviewsHub;
				TargetAttributes = {
					CD5259981E126A220042F7F1 = {
						CreatedOnToolsVersion = 8.2;
						DevelopmentTeam = VE62E7U747;
						ProvisioningStyle = Automatic;
					};
					CD5259AC1E126A230042F7F1 = {
						CreatedOnToolsVersion = 8.2;
						DevelopmentTeam = VE62E7U747;
						ProvisioningStyle = Automatic;
						TestTargetID = CD5259981E126A220042F7F1;
					};
					CD5259B71E126A230042F7F1 = {
						CreatedOnToolsVersion = 8.2;
						DevelopmentTeam = VE62E7U747;
						ProvisioningStyle = Automatic;
						TestTargetID = CD5259981E126A220042F7F1;
					};
				};
			};
			buildConfigurationList = CD5259941E126A220042F7F1 /* Build configuration list for PBXProject "BusinessReviewsHub" */;
			compatibilityVersion = "Xcode 3.2";
			developmentRegion = English;
			hasScannedForEncodings = 0;
			knownRegions = (
				en,
				Base,
			);
			mainGroup = CD5259901E126A220042F7F1;
			productRefGroup = CD52599A1E126A230042F7F1 /* Products */;
			projectDirPath = "";
			projectRoot = "";
			targets = (
				CD5259981E126A220042F7F1 /* BusinessReviewsHub */,
				CD5259AC1E126A230042F7F1 /* BusinessReviewsHubTests */,
				CD5259B71E126A230042F7F1 /* BusinessReviewsHubUITests */,
			);
		};
/* End PBXProject section */

/* Begin PBXResourcesBuildPhase section */
		CD5259971E126A220042F7F1 /* Resources */ = {
			isa = PBXResourcesBuildPhase;
			buildActionMask = 2147483647;
			files = (
				CDDFDE251E167A6D0063C4F3 /* test_profile_image.jpg in Resources */,
				CDDFDE131E1640280063C4F3 /* ic_history_image.jpg in Resources */,
				CD5259CB1E12739D0042F7F1 /* ic_new_logo_back.png in Resources */,
				CD5259A71E126A230042F7F1 /* LaunchScreen.storyboard in Resources */,
				CDDFDE231E1678D60063C4F3 /* ic_demo_profile_bck.jpg in Resources */,
				CD5259A41E126A230042F7F1 /* Assets.xcassets in Resources */,
				CD5259A21E126A230042F7F1 /* Main.storyboard in Resources */,
				CD5904CA1E1525EB001FAEE1 /* ic_send_sms_back.jpg in Resources */,
				CD5259CE1E1279850042F7F1 /* splash_screen_logo_2.png in Resources */,
				CD5259D21E128EC90042F7F1 /* loginImage.png in Resources */,
				CD5904CC1E152A50001FAEE1 /* sample_logo_transperant.png in Resources */,
			);
			runOnlyForDeploymentPostprocessing = 0;
		};
		CD5259AB1E126A230042F7F1 /* Resources */ = {
			isa = PBXResourcesBuildPhase;
			buildActionMask = 2147483647;
			files = (
			);
			runOnlyForDeploymentPostprocessing = 0;
		};
		CD5259B61E126A230042F7F1 /* Resources */ = {
			isa = PBXResourcesBuildPhase;
			buildActionMask = 2147483647;
			files = (
			);
			runOnlyForDeploymentPostprocessing = 0;
		};
/* End PBXResourcesBuildPhase section */

/* Begin PBXShellScriptBuildPhase section */
		01E9AF1459CE04606E311811 /* [CP] Check Pods Manifest.lock */ = {
			isa = PBXShellScriptBuildPhase;
			buildActionMask = 2147483647;
			files = (
			);
			inputPaths = (
			);
			name = "[CP] Check Pods Manifest.lock";
			outputPaths = (
			);
			runOnlyForDeploymentPostprocessing = 0;
			shellPath = /bin/sh;
			shellScript = "diff \"${PODS_ROOT}/../Podfile.lock\" \"${PODS_ROOT}/Manifest.lock\" > /dev/null\nif [ $? != 0 ] ; then\n    # print error to STDERR\n    echo \"error: The sandbox is not in sync with the Podfile.lock. Run 'pod install' or update your CocoaPods installation.\" >&2\n    exit 1\nfi\n";
			showEnvVarsInLog = 0;
		};
		3E43BF775BAF6828CDA4DFF5 /* [CP] Copy Pods Resources */ = {
			isa = PBXShellScriptBuildPhase;
			buildActionMask = 2147483647;
			files = (
			);
			inputPaths = (
			);
			name = "[CP] Copy Pods Resources";
			outputPaths = (
			);
			runOnlyForDeploymentPostprocessing = 0;
			shellPath = /bin/sh;
			shellScript = "\"${SRCROOT}/Pods/Target Support Files/Pods-BusinessReviewsHubUITests/Pods-BusinessReviewsHubUITests-resources.sh\"\n";
			showEnvVarsInLog = 0;
		};
		6F537A9C6359C4C2928D3CD6 /* [CP] Copy Pods Resources */ = {
			isa = PBXShellScriptBuildPhase;
			buildActionMask = 2147483647;
			files = (
			);
			inputPaths = (
			);
			name = "[CP] Copy Pods Resources";
			outputPaths = (
			);
			runOnlyForDeploymentPostprocessing = 0;
			shellPath = /bin/sh;
			shellScript = "\"${SRCROOT}/Pods/Target Support Files/Pods-BusinessReviewsHub/Pods-BusinessReviewsHub-resources.sh\"\n";
			showEnvVarsInLog = 0;
		};
		79BDECCB1031FB557C4C0DA8 /* [CP] Copy Pods Resources */ = {
			isa = PBXShellScriptBuildPhase;
			buildActionMask = 2147483647;
			files = (
			);
			inputPaths = (
			);
			name = "[CP] Copy Pods Resources";
			outputPaths = (
			);
			runOnlyForDeploymentPostprocessing = 0;
			shellPath = /bin/sh;
			shellScript = "\"${SRCROOT}/Pods/Target Support Files/Pods-BusinessReviewsHubTests/Pods-BusinessReviewsHubTests-resources.sh\"\n";
			showEnvVarsInLog = 0;
		};
		818D949A20D7EA7E3007E56D /* [CP] Check Pods Manifest.lock */ = {
			isa = PBXShellScriptBuildPhase;
			buildActionMask = 2147483647;
			files = (
			);
			inputPaths = (
			);
			name = "[CP] Check Pods Manifest.lock";
			outputPaths = (
			);
			runOnlyForDeploymentPostprocessing = 0;
			shellPath = /bin/sh;
			shellScript = "diff \"${PODS_ROOT}/../Podfile.lock\" \"${PODS_ROOT}/Manifest.lock\" > /dev/null\nif [ $? != 0 ] ; then\n    # print error to STDERR\n    echo \"error: The sandbox is not in sync with the Podfile.lock. Run 'pod install' or update your CocoaPods installation.\" >&2\n    exit 1\nfi\n";
			showEnvVarsInLog = 0;
		};
		A2F392FF00E212F9C9E0B955 /* [CP] Check Pods Manifest.lock */ = {
			isa = PBXShellScriptBuildPhase;
			buildActionMask = 2147483647;
			files = (
			);
			inputPaths = (
			);
			name = "[CP] Check Pods Manifest.lock";
			outputPaths = (
			);
			runOnlyForDeploymentPostprocessing = 0;
			shellPath = /bin/sh;
			shellScript = "diff \"${PODS_ROOT}/../Podfile.lock\" \"${PODS_ROOT}/Manifest.lock\" > /dev/null\nif [ $? != 0 ] ; then\n    # print error to STDERR\n    echo \"error: The sandbox is not in sync with the Podfile.lock. Run 'pod install' or update your CocoaPods installation.\" >&2\n    exit 1\nfi\n";
			showEnvVarsInLog = 0;
		};
		BEE78D92FA1D2F221DD5E7D2 /* [CP] Embed Pods Frameworks */ = {
			isa = PBXShellScriptBuildPhase;
			buildActionMask = 2147483647;
			files = (
			);
			inputPaths = (
			);
			name = "[CP] Embed Pods Frameworks";
			outputPaths = (
			);
			runOnlyForDeploymentPostprocessing = 0;
			shellPath = /bin/sh;
			shellScript = "\"${SRCROOT}/Pods/Target Support Files/Pods-BusinessReviewsHubTests/Pods-BusinessReviewsHubTests-frameworks.sh\"\n";
			showEnvVarsInLog = 0;
		};
		BF135E65A297378C658F1BAC /* [CP] Embed Pods Frameworks */ = {
			isa = PBXShellScriptBuildPhase;
			buildActionMask = 2147483647;
			files = (
			);
			inputPaths = (
			);
			name = "[CP] Embed Pods Frameworks";
			outputPaths = (
			);
			runOnlyForDeploymentPostprocessing = 0;
			shellPath = /bin/sh;
			shellScript = "\"${SRCROOT}/Pods/Target Support Files/Pods-BusinessReviewsHub/Pods-BusinessReviewsHub-frameworks.sh\"\n";
			showEnvVarsInLog = 0;
		};
		EA777F842B6B298EFC13B708 /* [CP] Embed Pods Frameworks */ = {
			isa = PBXShellScriptBuildPhase;
			buildActionMask = 2147483647;
			files = (
			);
			inputPaths = (
			);
			name = "[CP] Embed Pods Frameworks";
			outputPaths = (
			);
			runOnlyForDeploymentPostprocessing = 0;
			shellPath = /bin/sh;
			shellScript = "\"${SRCROOT}/Pods/Target Support Files/Pods-BusinessReviewsHubUITests/Pods-BusinessReviewsHubUITests-frameworks.sh\"\n";
			showEnvVarsInLog = 0;
		};
/* End PBXShellScriptBuildPhase section */

/* Begin PBXSourcesBuildPhase section */
		CD5259951E126A220042F7F1 /* Sources */ = {
			isa = PBXSourcesBuildPhase;
			buildActionMask = 2147483647;
			files = (
				CDFDF0B61E1D1ACC00B15796 /* SendSmsDataRequestModel.swift in Sources */,
				CDB299491E1F77020012AFF5 /* ProfileDataRequestModel.swift in Sources */,
				CD8677531E1A897B006B4AB4 /* BaseViewController.swift in Sources */,
				CDDFDE211E16781B0063C4F3 /* ProfileViewController.swift in Sources */,
				CD52599F1E126A230042F7F1 /* LoginViewController.swift in Sources */,
				CD7C246B1E1793F80051B327 /* UserInfoModel.swift in Sources */,
				CD5904BC1E14F8CB001FAEE1 /* UITextField+textField.swift in Sources */,
				CD7C246F1E1796300051B327 /* ServiceFacade.swift in Sources */,
				CDDFDE111E16366F0063C4F3 /* SendSmsViewController.swift in Sources */,
				CD9D3D3E1E1E690200B71ED1 /* SmsHistoryDataRequestModel.swift in Sources */,
				CD8677511E1A79C4006B4AB4 /* UserDefaultManager.swift in Sources */,
				CDB2994B1E1F79300012AFF5 /* ProfileUpdateResponseModel.swift in Sources */,
				CDDFDE1F1E1677F90063C4F3 /* SmsHistoryViewController.swift in Sources */,
				CD7C24691E1793D00051B327 /* UserRegistrationModel.swift in Sources */,
				CD9D3D3C1E1E546100B71ED1 /* SmsHistoryResponseModel.swift in Sources */,
				CD52599D1E126A230042F7F1 /* AppDelegate.swift in Sources */,
				CD7C24711E179A0F0051B327 /* EmpLoginResponseModel.swift in Sources */,
				CD7C24731E179E160051B327 /* BaseResponseModel.swift in Sources */,
				CD9D3D3A1E1E508400B71ED1 /* TableViewCell.swift in Sources */,
				CDFDF0B81E1D1CFB00B15796 /* UserRequestModel.swift in Sources */,
				CD55B3A11E1BE05300F0BA7D /* PropertyFileReader.swift in Sources */,
			);
			runOnlyForDeploymentPostprocessing = 0;
		};
		CD5259A91E126A230042F7F1 /* Sources */ = {
			isa = PBXSourcesBuildPhase;
			buildActionMask = 2147483647;
			files = (
				CD5259B21E126A230042F7F1 /* BusinessReviewsHubTests.swift in Sources */,
			);
			runOnlyForDeploymentPostprocessing = 0;
		};
		CD5259B41E126A230042F7F1 /* Sources */ = {
			isa = PBXSourcesBuildPhase;
			buildActionMask = 2147483647;
			files = (
				CD5259BD1E126A230042F7F1 /* BusinessReviewsHubUITests.swift in Sources */,
			);
			runOnlyForDeploymentPostprocessing = 0;
		};
/* End PBXSourcesBuildPhase section */

/* Begin PBXTargetDependency section */
		CD5259AF1E126A230042F7F1 /* PBXTargetDependency */ = {
			isa = PBXTargetDependency;
			target = CD5259981E126A220042F7F1 /* BusinessReviewsHub */;
			targetProxy = CD5259AE1E126A230042F7F1 /* PBXContainerItemProxy */;
		};
		CD5259BA1E126A230042F7F1 /* PBXTargetDependency */ = {
			isa = PBXTargetDependency;
			target = CD5259981E126A220042F7F1 /* BusinessReviewsHub */;
			targetProxy = CD5259B91E126A230042F7F1 /* PBXContainerItemProxy */;
		};
/* End PBXTargetDependency section */

/* Begin PBXVariantGroup section */
		CD5259A01E126A230042F7F1 /* Main.storyboard */ = {
			isa = PBXVariantGroup;
			children = (
				CD5259A11E126A230042F7F1 /* Base */,
			);
			name = Main.storyboard;
			sourceTree = "<group>";
		};
		CD5259A51E126A230042F7F1 /* LaunchScreen.storyboard */ = {
			isa = PBXVariantGroup;
			children = (
				CD5259A61E126A230042F7F1 /* Base */,
			);
			name = LaunchScreen.storyboard;
			sourceTree = "<group>";
		};
/* End PBXVariantGroup section */

/* Begin XCBuildConfiguration section */
		CD5259BF1E126A230042F7F1 /* Debug */ = {
			isa = XCBuildConfiguration;
			buildSettings = {
				ALWAYS_SEARCH_USER_PATHS = NO;
				CLANG_ANALYZER_NONNULL = YES;
				CLANG_CXX_LANGUAGE_STANDARD = "gnu++0x";
				CLANG_CXX_LIBRARY = "libc++";
				CLANG_ENABLE_MODULES = YES;
				CLANG_ENABLE_OBJC_ARC = YES;
				CLANG_WARN_BOOL_CONVERSION = YES;
				CLANG_WARN_CONSTANT_CONVERSION = YES;
				CLANG_WARN_DIRECT_OBJC_ISA_USAGE = YES_ERROR;
				CLANG_WARN_DOCUMENTATION_COMMENTS = YES;
				CLANG_WARN_EMPTY_BODY = YES;
				CLANG_WARN_ENUM_CONVERSION = YES;
				CLANG_WARN_INFINITE_RECURSION = YES;
				CLANG_WARN_INT_CONVERSION = YES;
				CLANG_WARN_OBJC_ROOT_CLASS = YES_ERROR;
				CLANG_WARN_SUSPICIOUS_MOVE = YES;
				CLANG_WARN_UNREACHABLE_CODE = YES;
				CLANG_WARN__DUPLICATE_METHOD_MATCH = YES;
				"CODE_SIGN_IDENTITY[sdk=iphoneos*]" = "iPhone Developer";
				COPY_PHASE_STRIP = NO;
				DEBUG_INFORMATION_FORMAT = dwarf;
				ENABLE_STRICT_OBJC_MSGSEND = YES;
				ENABLE_TESTABILITY = YES;
				GCC_C_LANGUAGE_STANDARD = gnu99;
				GCC_DYNAMIC_NO_PIC = NO;
				GCC_NO_COMMON_BLOCKS = YES;
				GCC_OPTIMIZATION_LEVEL = 0;
				GCC_PREPROCESSOR_DEFINITIONS = (
					"DEBUG=1",
					"$(inherited)",
				);
				GCC_WARN_64_TO_32_BIT_CONVERSION = YES;
				GCC_WARN_ABOUT_RETURN_TYPE = YES_ERROR;
				GCC_WARN_UNDECLARED_SELECTOR = YES;
				GCC_WARN_UNINITIALIZED_AUTOS = YES_AGGRESSIVE;
				GCC_WARN_UNUSED_FUNCTION = YES;
				GCC_WARN_UNUSED_VARIABLE = YES;
				IPHONEOS_DEPLOYMENT_TARGET = 9.0;
				MTL_ENABLE_DEBUG_INFO = YES;
				ONLY_ACTIVE_ARCH = YES;
				SDKROOT = iphoneos;
				SWIFT_ACTIVE_COMPILATION_CONDITIONS = DEBUG;
				SWIFT_OPTIMIZATION_LEVEL = "-Onone";
				SWIFT_VERSION = 2.3;
			};
			name = Debug;
		};
		CD5259C01E126A230042F7F1 /* Release */ = {
			isa = XCBuildConfiguration;
			buildSettings = {
				ALWAYS_SEARCH_USER_PATHS = NO;
				CLANG_ANALYZER_NONNULL = YES;
				CLANG_CXX_LANGUAGE_STANDARD = "gnu++0x";
				CLANG_CXX_LIBRARY = "libc++";
				CLANG_ENABLE_MODULES = YES;
				CLANG_ENABLE_OBJC_ARC = YES;
				CLANG_WARN_BOOL_CONVERSION = YES;
				CLANG_WARN_CONSTANT_CONVERSION = YES;
				CLANG_WARN_DIRECT_OBJC_ISA_USAGE = YES_ERROR;
				CLANG_WARN_DOCUMENTATION_COMMENTS = YES;
				CLANG_WARN_EMPTY_BODY = YES;
				CLANG_WARN_ENUM_CONVERSION = YES;
				CLANG_WARN_INFINITE_RECURSION = YES;
				CLANG_WARN_INT_CONVERSION = YES;
				CLANG_WARN_OBJC_ROOT_CLASS = YES_ERROR;
				CLANG_WARN_SUSPICIOUS_MOVE = YES;
				CLANG_WARN_UNREACHABLE_CODE = YES;
				CLANG_WARN__DUPLICATE_METHOD_MATCH = YES;
				CODE_SIGN_IDENTITY = "iPhone Developer";
				"CODE_SIGN_IDENTITY[sdk=iphoneos*]" = "iPhone Developer";
				COPY_PHASE_STRIP = NO;
				DEBUG_INFORMATION_FORMAT = "dwarf-with-dsym";
				ENABLE_NS_ASSERTIONS = NO;
				ENABLE_STRICT_OBJC_MSGSEND = YES;
				GCC_C_LANGUAGE_STANDARD = gnu99;
				GCC_NO_COMMON_BLOCKS = YES;
				GCC_WARN_64_TO_32_BIT_CONVERSION = YES;
				GCC_WARN_ABOUT_RETURN_TYPE = YES_ERROR;
				GCC_WARN_UNDECLARED_SELECTOR = YES;
				GCC_WARN_UNINITIALIZED_AUTOS = YES_AGGRESSIVE;
				GCC_WARN_UNUSED_FUNCTION = YES;
				GCC_WARN_UNUSED_VARIABLE = YES;
				IPHONEOS_DEPLOYMENT_TARGET = 9.0;
				MTL_ENABLE_DEBUG_INFO = NO;
				SDKROOT = iphoneos;
				SWIFT_OPTIMIZATION_LEVEL = "-Owholemodule";
				SWIFT_VERSION = 2.3;
				VALIDATE_PRODUCT = YES;
			};
			name = Release;
		};
		CD5259C21E126A230042F7F1 /* Debug */ = {
			isa = XCBuildConfiguration;
			baseConfigurationReference = 8FF7063F11864B42C2461F92 /* Pods-BusinessReviewsHub.debug.xcconfig */;
			buildSettings = {
				ALWAYS_EMBED_SWIFT_STANDARD_LIBRARIES = YES;
				ASSETCATALOG_COMPILER_APPICON_NAME = AppIcon;
				DEVELOPMENT_TEAM = VE62E7U747;
				INFOPLIST_FILE = BusinessReviewsHub/Info.plist;
				IPHONEOS_DEPLOYMENT_TARGET = 9.0;
				LD_RUNPATH_SEARCH_PATHS = "$(inherited) @executable_path/Frameworks";
				PRODUCT_BUNDLE_IDENTIFIER = com.dustinlampert.businessreviewshub;
				PRODUCT_NAME = "$(TARGET_NAME)";
				SWIFT_VERSION = 3.0;
			};
			name = Debug;
		};
		CD5259C31E126A230042F7F1 /* Release */ = {
			isa = XCBuildConfiguration;
			baseConfigurationReference = C41F1E5F80DBD5CFFE678346 /* Pods-BusinessReviewsHub.release.xcconfig */;
			buildSettings = {
				ALWAYS_EMBED_SWIFT_STANDARD_LIBRARIES = YES;
				ASSETCATALOG_COMPILER_APPICON_NAME = AppIcon;
				"CODE_SIGN_IDENTITY[sdk=iphoneos*]" = "iPhone Developer";
				DEVELOPMENT_TEAM = VE62E7U747;
				INFOPLIST_FILE = BusinessReviewsHub/Info.plist;
				IPHONEOS_DEPLOYMENT_TARGET = 9.0;
				LD_RUNPATH_SEARCH_PATHS = "$(inherited) @executable_path/Frameworks";
				PRODUCT_BUNDLE_IDENTIFIER = com.dustinlampert.businessreviewshub;
				PRODUCT_NAME = "$(TARGET_NAME)";
				SWIFT_VERSION = 3.0;
			};
			name = Release;
		};
		CD5259C51E126A230042F7F1 /* Debug */ = {
			isa = XCBuildConfiguration;
			baseConfigurationReference = E790415A60D371E18EDF601F /* Pods-BusinessReviewsHubTests.debug.xcconfig */;
			buildSettings = {
				ALWAYS_EMBED_SWIFT_STANDARD_LIBRARIES = YES;
				BUNDLE_LOADER = "$(TEST_HOST)";
				DEVELOPMENT_TEAM = VE62E7U747;
				INFOPLIST_FILE = BusinessReviewsHubTests/Info.plist;
				LD_RUNPATH_SEARCH_PATHS = "$(inherited) @executable_path/Frameworks @loader_path/Frameworks";
				PRODUCT_BUNDLE_IDENTIFIER = com.businessreviewhub.BusinessReviewsHubTests;
				PRODUCT_NAME = "$(TARGET_NAME)";
				SWIFT_VERSION = 3.0;
				TEST_HOST = "$(BUILT_PRODUCTS_DIR)/BusinessReviewsHub.app/BusinessReviewsHub";
			};
			name = Debug;
		};
		CD5259C61E126A230042F7F1 /* Release */ = {
			isa = XCBuildConfiguration;
			baseConfigurationReference = C4DDD84FA21845C29FAB236E /* Pods-BusinessReviewsHubTests.release.xcconfig */;
			buildSettings = {
				ALWAYS_EMBED_SWIFT_STANDARD_LIBRARIES = YES;
				BUNDLE_LOADER = "$(TEST_HOST)";
				DEVELOPMENT_TEAM = VE62E7U747;
				INFOPLIST_FILE = BusinessReviewsHubTests/Info.plist;
				LD_RUNPATH_SEARCH_PATHS = "$(inherited) @executable_path/Frameworks @loader_path/Frameworks";
				PRODUCT_BUNDLE_IDENTIFIER = com.businessreviewhub.BusinessReviewsHubTests;
				PRODUCT_NAME = "$(TARGET_NAME)";
				SWIFT_VERSION = 3.0;
				TEST_HOST = "$(BUILT_PRODUCTS_DIR)/BusinessReviewsHub.app/BusinessReviewsHub";
			};
			name = Release;
		};
		CD5259C81E126A230042F7F1 /* Debug */ = {
			isa = XCBuildConfiguration;
			baseConfigurationReference = 26CA8BF85E308231C733BD62 /* Pods-BusinessReviewsHubUITests.debug.xcconfig */;
			buildSettings = {
				ALWAYS_EMBED_SWIFT_STANDARD_LIBRARIES = YES;
				DEVELOPMENT_TEAM = VE62E7U747;
				INFOPLIST_FILE = BusinessReviewsHubUITests/Info.plist;
				LD_RUNPATH_SEARCH_PATHS = "$(inherited) @executable_path/Frameworks @loader_path/Frameworks";
				PRODUCT_BUNDLE_IDENTIFIER = com.businessreviewhub.BusinessReviewsHubUITests;
				PRODUCT_NAME = "$(TARGET_NAME)";
				SWIFT_VERSION = 3.0;
				TEST_TARGET_NAME = BusinessReviewsHub;
			};
			name = Debug;
		};
		CD5259C91E126A230042F7F1 /* Release */ = {
			isa = XCBuildConfiguration;
			baseConfigurationReference = 15D343179C8721EE68179A22 /* Pods-BusinessReviewsHubUITests.release.xcconfig */;
			buildSettings = {
				ALWAYS_EMBED_SWIFT_STANDARD_LIBRARIES = YES;
				DEVELOPMENT_TEAM = VE62E7U747;
				INFOPLIST_FILE = BusinessReviewsHubUITests/Info.plist;
				LD_RUNPATH_SEARCH_PATHS = "$(inherited) @executable_path/Frameworks @loader_path/Frameworks";
				PRODUCT_BUNDLE_IDENTIFIER = com.businessreviewhub.BusinessReviewsHubUITests;
				PRODUCT_NAME = "$(TARGET_NAME)";
				SWIFT_VERSION = 3.0;
				TEST_TARGET_NAME = BusinessReviewsHub;
			};
			name = Release;
		};
/* End XCBuildConfiguration section */

/* Begin XCConfigurationList section */
		CD5259941E126A220042F7F1 /* Build configuration list for PBXProject "BusinessReviewsHub" */ = {
			isa = XCConfigurationList;
			buildConfigurations = (
				CD5259BF1E126A230042F7F1 /* Debug */,
				CD5259C01E126A230042F7F1 /* Release */,
			);
			defaultConfigurationIsVisible = 0;
			defaultConfigurationName = Release;
		};
		CD5259C11E126A230042F7F1 /* Build configuration list for PBXNativeTarget "BusinessReviewsHub" */ = {
			isa = XCConfigurationList;
			buildConfigurations = (
				CD5259C21E126A230042F7F1 /* Debug */,
				CD5259C31E126A230042F7F1 /* Release */,
			);
			defaultConfigurationIsVisible = 0;
			defaultConfigurationName = Release;
		};
		CD5259C41E126A230042F7F1 /* Build configuration list for PBXNativeTarget "BusinessReviewsHubTests" */ = {
			isa = XCConfigurationList;
			buildConfigurations = (
				CD5259C51E126A230042F7F1 /* Debug */,
				CD5259C61E126A230042F7F1 /* Release */,
			);
			defaultConfigurationIsVisible = 0;
			defaultConfigurationName = Release;
		};
		CD5259C71E126A230042F7F1 /* Build configuration list for PBXNativeTarget "BusinessReviewsHubUITests" */ = {
			isa = XCConfigurationList;
			buildConfigurations = (
				CD5259C81E126A230042F7F1 /* Debug */,
				CD5259C91E126A230042F7F1 /* Release */,
			);
			defaultConfigurationIsVisible = 0;
			defaultConfigurationName = Release;
		};
/* End XCConfigurationList section */
	};
	rootObject = CD5259911E126A220042F7F1 /* Project object */;
}
